
Microsoft Visual Studio Solution File, Format Version 12.00
# Visual Studio Version 16
VisualStudioVersion = 16.0.30523.141
MinimumVisualStudioVersion = 10.0.40219.1
Project("{FAE04EC0-301F-11D3-BF4B-00C04F79EFBC}") = "LivestockOrganizerCoreMVC", "LivestockOrganizerCoreMVC\LivestockOrganizerCoreMVC.csproj", "{23A9FFDD-3533-49FF-9565-045C4C3B0EC7}"
EndProject
Project("{FAE04EC0-301F-11D3-BF4B-00C04F79EFBC}") = "LivestockDataAccess", "Livestock Data Access\LivestockDataAccess.csproj", "{F0F887F9-216A-477F-A208-F50F9DE3C162}"
EndProject
Project("{00D1A9C2-B5F0-4AF3-8072-F6C62B433612}") = "SQLDatabase", "SQLDatabase\SQLDatabase.sqlproj", "{6B331ABE-9F48-480F-844A-A6B8B43EA526}"
EndProject
Global
	GlobalSection(SolutionConfigurationPlatforms) = preSolution
		Debug|Any CPU = Debug|Any CPU
		Release|Any CPU = Release|Any CPU
	EndGlobalSection
	GlobalSection(ProjectConfigurationPlatforms) = postSolution
		{23A9FFDD-3533-49FF-9565-045C4C3B0EC7}.Debug|Any CPU.ActiveCfg = Debug|Any CPU
		{23A9FFDD-3533-49FF-9565-045C4C3B0EC7}.Debug|Any CPU.Build.0 = Debug|Any CPU
		{23A9FFDD-3533-49FF-9565-045C4C3B0EC7}.Release|Any CPU.ActiveCfg = Release|Any CPU
		{23A9FFDD-3533-49FF-9565-045C4C3B0EC7}.Release|Any CPU.Build.0 = Release|Any CPU
		{F0F887F9-216A-477F-A208-F50F9DE3C162}.Debug|Any CPU.ActiveCfg = Debug|Any CPU
		{F0F887F9-216A-477F-A208-F50F9DE3C162}.Debug|Any CPU.Build.0 = Debug|Any CPU
		{F0F887F9-216A-477F-A208-F50F9DE3C162}.Release|Any CPU.ActiveCfg = Release|Any CPU
		{F0F887F9-216A-477F-A208-F50F9DE3C162}.Release|Any CPU.Build.0 = Release|Any CPU
		{6B331ABE-9F48-480F-844A-A6B8B43EA526}.Debug|Any CPU.ActiveCfg = Debug|Any CPU
		{6B331ABE-9F48-480F-844A-A6B8B43EA526}.Debug|Any CPU.Build.0 = Debug|Any CPU
		{6B331ABE-9F48-480F-844A-A6B8B43EA526}.Debug|Any CPU.Deploy.0 = Debug|Any CPU
		{6B331ABE-9F48-480F-844A-A6B8B43EA526}.Release|Any CPU.ActiveCfg = Release|Any CPU
		{6B331ABE-9F48-480F-844A-A6B8B43EA526}.Release|Any CPU.Build.0 = Release|Any CPU
		{6B331ABE-9F48-480F-844A-A6B8B43EA526}.Release|Any CPU.Deploy.0 = Release|Any CPU
	EndGlobalSection
	GlobalSection(SolutionProperties) = preSolution
		HideSolutionNode = FALSE
	EndGlobalSection
	GlobalSection(ExtensibilityGlobals) = postSolution
		SolutionGuid = {DF3EE2FF-64C4-4CE3-85B2-420E37480611}
	EndGlobalSection
EndGlobal
